
Microsoft Visual Studio Solution File, Format Version 12.00
# Visual Studio 2013
VisualStudioVersion = 12.0.31101.0
MinimumVisualStudioVersion = 10.0.40219.1
Project("{FAE04EC0-301F-11D3-BF4B-00C04F79EFBC}") = "UltraHighEntropyPrng", "UltraHighEntropyPrng.csproj", "{9365FC3F-F10E-4BD7-A100-4CD95B2CB0C0}"
EndProject
Project("{FAE04EC0-301F-11D3-BF4B-00C04F79EFBC}") = "PrngDemo", "PrngDemo\PrngDemo.csproj", "{F400AAE9-65EC-4C7A-AB5B-9E72AF0D4674}"
EndProject
Global
	GlobalSection(SolutionConfigurationPlatforms) = preSolution
		Debug|Any CPU = Debug|Any CPU
		Release|Any CPU = Release|Any CPU
	EndGlobalSection
	GlobalSection(ProjectConfigurationPlatforms) = postSolution
		{9365FC3F-F10E-4BD7-A100-4CD95B2CB0C0}.Debug|Any CPU.ActiveCfg = Debug|Any CPU
		{9365FC3F-F10E-4BD7-A100-4CD95B2CB0C0}.Debug|Any CPU.Build.0 = Debug|Any CPU
		{9365FC3F-F10E-4BD7-A100-4CD95B2CB0C0}.Release|Any CPU.ActiveCfg = Release|Any CPU
		{9365FC3F-F10E-4BD7-A100-4CD95B2CB0C0}.Release|Any CPU.Build.0 = Release|Any CPU
		{F400AAE9-65EC-4C7A-AB5B-9E72AF0D4674}.Debug|Any CPU.ActiveCfg = Debug|Any CPU
		{F400AAE9-65EC-4C7A-AB5B-9E72AF0D4674}.Debug|Any CPU.Build.0 = Debug|Any CPU
		{F400AAE9-65EC-4C7A-AB5B-9E72AF0D4674}.Release|Any CPU.ActiveCfg = Release|Any CPU
		{F400AAE9-65EC-4C7A-AB5B-9E72AF0D4674}.Release|Any CPU.Build.0 = Release|Any CPU
	EndGlobalSection
	GlobalSection(SolutionProperties) = preSolution
		HideSolutionNode = FALSE
	EndGlobalSection
EndGlobal
